{
  "name": "softstop-nodejs-example",
  "version": "1.0.0",
  "lockfileVersion": 3,
  "requires": true,
  "packages": {
    "": {
      "name": "softstop-nodejs-example",
      "version": "1.0.0",
      "dependencies": {
        "softstop": "file:../../packages/sdk-js"
      }
    },
    "../../packages/sdk-js": {
      "name": "softstop",
      "version": "0.1.0",
      "license": "MIT",
      "engines": {
        "node": ">=18"
      }
    },
    "node_modules/softstop": {
      "resolved": "../../packages/sdk-js",
      "link": true
    }
  }
}
